// !$*UTF8*$!
{
	archiveVersion = 1;
	classes = {
	};
	objectVersion = 77;
	objects = {

/* Begin PBXBuildFile section */
		144BF9494DC313E17F777DE5 /* Pods_TektonTests.framework in Frameworks */ = {isa = PBXBuildFile; fileRef = D1C417AA42583AF63B06AB45 /* Pods_TektonTests.framework */; };
		999BABC1C582EEC96B838328 /* Pods_Tekton.framework in Frameworks */ = {isa = PBXBuildFile; fileRef = 58FC5C7F84E2CE980B5782D9 /* Pods_Tekton.framework */; };
		A09FF01F6C1FA464FFA7E189 /* Pods_Tekton_TektonUITests.framework in Frameworks */ = {isa = PBXBuildFile; fileRef = 690580FF0642E053ABF8BB3C /* Pods_Tekton_TektonUITests.framework */; };
/* End PBXBuildFile section */

/* Begin PBXContainerItemProxy section */
		4204A3E02D973461004EE7B6 /* PBXContainerItemProxy */ = {
			isa = PBXContainerItemProxy;
			containerPortal = 4204A3C72D97345F004EE7B6 /* Project object */;
			proxyType = 1;
			remoteGlobalIDString = 4204A3CE2D97345F004EE7B6;
			remoteInfo = Tekton;
		};
		4204A3EA2D973461004EE7B6 /* PBXContainerItemProxy */ = {
			isa = PBXContainerItemProxy;
			containerPortal = 4204A3C72D97345F004EE7B6 /* Project object */;
			proxyType = 1;
			remoteGlobalIDString = 4204A3CE2D97345F004EE7B6;
			remoteInfo = Tekton;
		};
/* End PBXContainerItemProxy section */

/* Begin PBXFileReference section */
		070A0C546DD2CDF953300390 /* Pods-Tekton-TektonUITests.debug.xcconfig */ = {isa = PBXFileReference; includeInIndex = 1; lastKnownFileType = text.xcconfig; name = "Pods-Tekton-TektonUITests.debug.xcconfig"; path = "Target Support Files/Pods-Tekton-TektonUITests/Pods-Tekton-TektonUITests.debug.xcconfig"; sourceTree = "<group>"; };
		4204A3CF2D97345F004EE7B6 /* Tekton.app */ = {isa = PBXFileReference; explicitFileType = wrapper.application; includeInIndex = 0; path = Tekton.app; sourceTree = BUILT_PRODUCTS_DIR; };
		4204A3DF2D973461004EE7B6 /* TektonTests.xctest */ = {isa = PBXFileReference; explicitFileType = wrapper.cfbundle; includeInIndex = 0; path = TektonTests.xctest; sourceTree = BUILT_PRODUCTS_DIR; };
		4204A3E92D973461004EE7B6 /* TektonUITests.xctest */ = {isa = PBXFileReference; explicitFileType = wrapper.cfbundle; includeInIndex = 0; path = TektonUITests.xctest; sourceTree = BUILT_PRODUCTS_DIR; };
		58FC5C7F84E2CE980B5782D9 /* Pods_Tekton.framework */ = {isa = PBXFileReference; explicitFileType = wrapper.framework; includeInIndex = 0; path = Pods_Tekton.framework; sourceTree = BUILT_PRODUCTS_DIR; };
		690580FF0642E053ABF8BB3C /* Pods_Tekton_TektonUITests.framework */ = {isa = PBXFileReference; explicitFileType = wrapper.framework; includeInIndex = 0; path = Pods_Tekton_TektonUITests.framework; sourceTree = BUILT_PRODUCTS_DIR; };
		7A12D75249C000149C72D407 /* Pods-Tekton.release.xcconfig */ = {isa = PBXFileReference; includeInIndex = 1; lastKnownFileType = text.xcconfig; name = "Pods-Tekton.release.xcconfig"; path = "Target Support Files/Pods-Tekton/Pods-Tekton.release.xcconfig"; sourceTree = "<group>"; };
		9B832996572F7469997808E4 /* Pods-TektonTests.debug.xcconfig */ = {isa = PBXFileReference; includeInIndex = 1; lastKnownFileType = text.xcconfig; name = "Pods-TektonTests.debug.xcconfig"; path = "Target Support Files/Pods-TektonTests/Pods-TektonTests.debug.xcconfig"; sourceTree = "<group>"; };
		9E99C4110E9B6D6C8DEE99D8 /* Pods-Tekton.debug.xcconfig */ = {isa = PBXFileReference; includeInIndex = 1; lastKnownFileType = text.xcconfig; name = "Pods-Tekton.debug.xcconfig"; path = "Target Support Files/Pods-Tekton/Pods-Tekton.debug.xcconfig"; sourceTree = "<group>"; };
		B70A58D9C46B2D7B384EB00C /* Pods-Tekton-TektonUITests.release.xcconfig */ = {isa = PBXFileReference; includeInIndex = 1; lastKnownFileType = text.xcconfig; name = "Pods-Tekton-TektonUITests.release.xcconfig"; path = "Target Support Files/Pods-Tekton-TektonUITests/Pods-Tekton-TektonUITests.release.xcconfig"; sourceTree = "<group>"; };
		D1C417AA42583AF63B06AB45 /* Pods_TektonTests.framework */ = {isa = PBXFileReference; explicitFileType = wrapper.framework; includeInIndex = 0; path = Pods_TektonTests.framework; sourceTree = BUILT_PRODUCTS_DIR; };
		F361B41ED5E7ACE9E3DEE58C /* Pods-TektonTests.release.xcconfig */ = {isa = PBXFileReference; includeInIndex = 1; lastKnownFileType = text.xcconfig; name = "Pods-TektonTests.release.xcconfig"; path = "Target Support Files/Pods-TektonTests/Pods-TektonTests.release.xcconfig"; sourceTree = "<group>"; };
/* End PBXFileReference section */

/* Begin PBXFileSystemSynchronizedRootGroup section */
		4204A3D12D97345F004EE7B6 /* Tekton */ = {
			isa = PBXFileSystemSynchronizedRootGroup;
			path = Tekton;
			sourceTree = "<group>";
		};
		4204A3E22D973461004EE7B6 /* TektonTests */ = {
			isa = PBXFileSystemSynchronizedRootGroup;
			path = TektonTests;
			sourceTree = "<group>";
		};
		4204A3EC2D973461004EE7B6 /* TektonUITests */ = {
			isa = PBXFileSystemSynchronizedRootGroup;
			path = TektonUITests;
			sourceTree = "<group>";
		};
/* End PBXFileSystemSynchronizedRootGroup section */

/* Begin PBXFrameworksBuildPhase section */
		4204A3CC2D97345F004EE7B6 /* Frameworks */ = {
			isa = PBXFrameworksBuildPhase;
			buildActionMask = 2147483647;
			files = (
				999BABC1C582EEC96B838328 /* Pods_Tekton.framework in Frameworks */,
			);
			runOnlyForDeploymentPostprocessing = 0;
		};
		4204A3DC2D973461004EE7B6 /* Frameworks */ = {
			isa = PBXFrameworksBuildPhase;
			buildActionMask = 2147483647;
			files = (
				144BF9494DC313E17F777DE5 /* Pods_TektonTests.framework in Frameworks */,
			);
			runOnlyForDeploymentPostprocessing = 0;
		};
		4204A3E62D973461004EE7B6 /* Frameworks */ = {
			isa = PBXFrameworksBuildPhase;
			buildActionMask = 2147483647;
			files = (
				A09FF01F6C1FA464FFA7E189 /* Pods_Tekton_TektonUITests.framework in Frameworks */,
			);
			runOnlyForDeploymentPostprocessing = 0;
		};
/* End PBXFrameworksBuildPhase section */

/* Begin PBXGroup section */
		2EA3CDBA1379D5243054A316 /* Pods */ = {
			isa = PBXGroup;
			children = (
				9E99C4110E9B6D6C8DEE99D8 /* Pods-Tekton.debug.xcconfig */,
				7A12D75249C000149C72D407 /* Pods-Tekton.release.xcconfig */,
				070A0C546DD2CDF953300390 /* Pods-Tekton-TektonUITests.debug.xcconfig */,
				B70A58D9C46B2D7B384EB00C /* Pods-Tekton-TektonUITests.release.xcconfig */,
				9B832996572F7469997808E4 /* Pods-TektonTests.debug.xcconfig */,
				F361B41ED5E7ACE9E3DEE58C /* Pods-TektonTests.release.xcconfig */,
			);
			path = Pods;
			sourceTree = "<group>";
		};
		4204A3C62D97345F004EE7B6 = {
			isa = PBXGroup;
			children = (
				4204A3D12D97345F004EE7B6 /* Tekton */,
				4204A3E22D973461004EE7B6 /* TektonTests */,
				4204A3EC2D973461004EE7B6 /* TektonUITests */,
				4204A3D02D97345F004EE7B6 /* Products */,
				2EA3CDBA1379D5243054A316 /* Pods */,
				D7C3D95A6F6D0CCD0EF91D53 /* Frameworks */,
			);
			sourceTree = "<group>";
		};
		4204A3D02D97345F004EE7B6 /* Products */ = {
			isa = PBXGroup;
			children = (
				4204A3CF2D97345F004EE7B6 /* Tekton.app */,
				4204A3DF2D973461004EE7B6 /* TektonTests.xctest */,
				4204A3E92D973461004EE7B6 /* TektonUITests.xctest */,
			);
			name = Products;
			sourceTree = "<group>";
		};
		D7C3D95A6F6D0CCD0EF91D53 /* Frameworks */ = {
			isa = PBXGroup;
			children = (
				58FC5C7F84E2CE980B5782D9 /* Pods_Tekton.framework */,
				690580FF0642E053ABF8BB3C /* Pods_Tekton_TektonUITests.framework */,
				D1C417AA42583AF63B06AB45 /* Pods_TektonTests.framework */,
			);
			name = Frameworks;
			sourceTree = "<group>";
		};
/* End PBXGroup section */

/* Begin PBXNativeTarget section */
		4204A3CE2D97345F004EE7B6 /* Tekton */ = {
			isa = PBXNativeTarget;
			buildConfigurationList = 4204A3F32D973461004EE7B6 /* Build configuration list for PBXNativeTarget "Tekton" */;
			buildPhases = (
				2915BDA91667559FD5A4DC1A /* [CP] Check Pods Manifest.lock */,
				4204A3CB2D97345F004EE7B6 /* Sources */,
				4204A3CC2D97345F004EE7B6 /* Frameworks */,
				4204A3CD2D97345F004EE7B6 /* Resources */,
				B05B89D1E32FF564FF54FB5C /* [CP] Copy Pods Resources */,
			);
			buildRules = (
			);
			dependencies = (
			);
			fileSystemSynchronizedGroups = (
				4204A3D12D97345F004EE7B6 /* Tekton */,
			);
			name = Tekton;
			productName = Tekton;
			productReference = 4204A3CF2D97345F004EE7B6 /* Tekton.app */;
			productType = "com.apple.product-type.application";
		};
		4204A3DE2D973461004EE7B6 /* TektonTests */ = {
			isa = PBXNativeTarget;
			buildConfigurationList = 4204A3F62D973461004EE7B6 /* Build configuration list for PBXNativeTarget "TektonTests" */;
			buildPhases = (
				19EADEF81C108A24C044243C /* [CP] Check Pods Manifest.lock */,
				4204A3DB2D973461004EE7B6 /* Sources */,
				4204A3DC2D973461004EE7B6 /* Frameworks */,
				4204A3DD2D973461004EE7B6 /* Resources */,
			);
			buildRules = (
			);
			dependencies = (
				4204A3E12D973461004EE7B6 /* PBXTargetDependency */,
			);
			fileSystemSynchronizedGroups = (
				4204A3E22D973461004EE7B6 /* TektonTests */,
			);
			name = TektonTests;
			productName = TektonTests;
			productReference = 4204A3DF2D973461004EE7B6 /* TektonTests.xctest */;
			productType = "com.apple.product-type.bundle.unit-test";
		};
		4204A3E82D973461004EE7B6 /* TektonUITests */ = {
			isa = PBXNativeTarget;
			buildConfigurationList = 4204A3F92D973461004EE7B6 /* Build configuration list for PBXNativeTarget "TektonUITests" */;
			buildPhases = (
				CB9D00AA27F59D835BF72CFA /* [CP] Check Pods Manifest.lock */,
				4204A3E52D973461004EE7B6 /* Sources */,
				4204A3E62D973461004EE7B6 /* Frameworks */,
				4204A3E72D973461004EE7B6 /* Resources */,
				A7C15420BEF58C1024D77F5D /* [CP] Copy Pods Resources */,
			);
			buildRules = (
			);
			dependencies = (
				4204A3EB2D973461004EE7B6 /* PBXTargetDependency */,
			);
			fileSystemSynchronizedGroups = (
				4204A3EC2D973461004EE7B6 /* TektonUITests */,
			);
			name = TektonUITests;
			productName = TektonUITests;
			productReference = 4204A3E92D973461004EE7B6 /* TektonUITests.xctest */;
			productType = "com.apple.product-type.bundle.ui-testing";
		};
/* End PBXNativeTarget section */

/* Begin PBXProject section */
		4204A3C72D97345F004EE7B6 /* Project object */ = {
			isa = PBXProject;
			attributes = {
				BuildIndependentTargetsInParallel = 1;
				LastSwiftUpdateCheck = 1600;
				LastUpgradeCheck = 1600;
				TargetAttributes = {
					4204A3CE2D97345F004EE7B6 = {
						CreatedOnToolsVersion = 16.0;
					};
					4204A3DE2D973461004EE7B6 = {
						CreatedOnToolsVersion = 16.0;
						TestTargetID = 4204A3CE2D97345F004EE7B6;
					};
					4204A3E82D973461004EE7B6 = {
						CreatedOnToolsVersion = 16.0;
						TestTargetID = 4204A3CE2D97345F004EE7B6;
					};
				};
			};
			buildConfigurationList = 4204A3CA2D97345F004EE7B6 /* Build configuration list for PBXProject "Tekton" */;
			developmentRegion = en;
			hasScannedForEncodings = 0;
			knownRegions = (
				en,
				Base,
			);
			mainGroup = 4204A3C62D97345F004EE7B6;
			minimizedProjectReferenceProxies = 1;
			preferredProjectObjectVersion = 77;
			productRefGroup = 4204A3D02D97345F004EE7B6 /* Products */;
			projectDirPath = "";
			projectRoot = "";
			targets = (
				4204A3CE2D97345F004EE7B6 /* Tekton */,
				4204A3DE2D973461004EE7B6 /* TektonTests */,
				4204A3E82D973461004EE7B6 /* TektonUITests */,
			);
		};
/* End PBXProject section */

/* Begin PBXResourcesBuildPhase section */
		4204A3CD2D97345F004EE7B6 /* Resources */ = {
			isa = PBXResourcesBuildPhase;
			buildActionMask = 2147483647;
			files = (
			);
			runOnlyForDeploymentPostprocessing = 0;
		};
		4204A3DD2D973461004EE7B6 /* Resources */ = {
			isa = PBXResourcesBuildPhase;
			buildActionMask = 2147483647;
			files = (
			);
			runOnlyForDeploymentPostprocessing = 0;
		};
		4204A3E72D973461004EE7B6 /* Resources */ = {
			isa = PBXResourcesBuildPhase;
			buildActionMask = 2147483647;
			files = (
			);
			runOnlyForDeploymentPostprocessing = 0;
		};
/* End PBXResourcesBuildPhase section */

/* Begin PBXShellScriptBuildPhase section */
		19EADEF81C108A24C044243C /* [CP] Check Pods Manifest.lock */ = {
			isa = PBXShellScriptBuildPhase;
			buildActionMask = 2147483647;
			files = (
			);
			inputFileListPaths = (
			);
			inputPaths = (
				"${PODS_PODFILE_DIR_PATH}/Podfile.lock",
				"${PODS_ROOT}/Manifest.lock",
			);
			name = "[CP] Check Pods Manifest.lock";
			outputFileListPaths = (
			);
			outputPaths = (
				"$(DERIVED_FILE_DIR)/Pods-TektonTests-checkManifestLockResult.txt",
			);
			runOnlyForDeploymentPostprocessing = 0;
			shellPath = /bin/sh;
			shellScript = "diff \"${PODS_PODFILE_DIR_PATH}/Podfile.lock\" \"${PODS_ROOT}/Manifest.lock\" > /dev/null\nif [ $? != 0 ] ; then\n    # print error to STDERR\n    echo \"error: The sandbox is not in sync with the Podfile.lock. Run 'pod install' or update your CocoaPods installation.\" >&2\n    exit 1\nfi\n# This output is used by Xcode 'outputs' to avoid re-running this script phase.\necho \"SUCCESS\" > \"${SCRIPT_OUTPUT_FILE_0}\"\n";
			showEnvVarsInLog = 0;
		};
		2915BDA91667559FD5A4DC1A /* [CP] Check Pods Manifest.lock */ = {
			isa = PBXShellScriptBuildPhase;
			buildActionMask = 2147483647;
			files = (
			);
			inputFileListPaths = (
			);
			inputPaths = (
				"${PODS_PODFILE_DIR_PATH}/Podfile.lock",
				"${PODS_ROOT}/Manifest.lock",
			);
			name = "[CP] Check Pods Manifest.lock";
			outputFileListPaths = (
			);
			outputPaths = (
				"$(DERIVED_FILE_DIR)/Pods-Tekton-checkManifestLockResult.txt",
			);
			runOnlyForDeploymentPostprocessing = 0;
			shellPath = /bin/sh;
			shellScript = "diff \"${PODS_PODFILE_DIR_PATH}/Podfile.lock\" \"${PODS_ROOT}/Manifest.lock\" > /dev/null\nif [ $? != 0 ] ; then\n    # print error to STDERR\n    echo \"error: The sandbox is not in sync with the Podfile.lock. Run 'pod install' or update your CocoaPods installation.\" >&2\n    exit 1\nfi\n# This output is used by Xcode 'outputs' to avoid re-running this script phase.\necho \"SUCCESS\" > \"${SCRIPT_OUTPUT_FILE_0}\"\n";
			showEnvVarsInLog = 0;
		};
		A7C15420BEF58C1024D77F5D /* [CP] Copy Pods Resources */ = {
			isa = PBXShellScriptBuildPhase;
			buildActionMask = 2147483647;
			files = (
			);
			inputFileListPaths = (
				"${PODS_ROOT}/Target Support Files/Pods-Tekton-TektonUITests/Pods-Tekton-TektonUITests-resources-${CONFIGURATION}-input-files.xcfilelist",
			);
			name = "[CP] Copy Pods Resources";
			outputFileListPaths = (
				"${PODS_ROOT}/Target Support Files/Pods-Tekton-TektonUITests/Pods-Tekton-TektonUITests-resources-${CONFIGURATION}-output-files.xcfilelist",
			);
			runOnlyForDeploymentPostprocessing = 0;
			shellPath = /bin/sh;
			shellScript = "\"${PODS_ROOT}/Target Support Files/Pods-Tekton-TektonUITests/Pods-Tekton-TektonUITests-resources.sh\"\n";
			showEnvVarsInLog = 0;
		};
		B05B89D1E32FF564FF54FB5C /* [CP] Copy Pods Resources */ = {
			isa = PBXShellScriptBuildPhase;
			buildActionMask = 2147483647;
			files = (
			);
			inputFileListPaths = (
				"${PODS_ROOT}/Target Support Files/Pods-Tekton/Pods-Tekton-resources-${CONFIGURATION}-input-files.xcfilelist",
			);
			name = "[CP] Copy Pods Resources";
			outputFileListPaths = (
				"${PODS_ROOT}/Target Support Files/Pods-Tekton/Pods-Tekton-resources-${CONFIGURATION}-output-files.xcfilelist",
			);
			runOnlyForDeploymentPostprocessing = 0;
			shellPath = /bin/sh;
			shellScript = "\"${PODS_ROOT}/Target Support Files/Pods-Tekton/Pods-Tekton-resources.sh\"\n";
			showEnvVarsInLog = 0;
		};
		CB9D00AA27F59D835BF72CFA /* [CP] Check Pods Manifest.lock */ = {
			isa = PBXShellScriptBuildPhase;
			buildActionMask = 2147483647;
			files = (
			);
			inputFileListPaths = (
			);
			inputPaths = (
				"${PODS_PODFILE_DIR_PATH}/Podfile.lock",
				"${PODS_ROOT}/Manifest.lock",
			);
			name = "[CP] Check Pods Manifest.lock";
			outputFileListPaths = (
			);
			outputPaths = (
				"$(DERIVED_FILE_DIR)/Pods-Tekton-TektonUITests-checkManifestLockResult.txt",
			);
			runOnlyForDeploymentPostprocessing = 0;
			shellPath = /bin/sh;
			shellScript = "diff \"${PODS_PODFILE_DIR_PATH}/Podfile.lock\" \"${PODS_ROOT}/Manifest.lock\" > /dev/null\nif [ $? != 0 ] ; then\n    # print error to STDERR\n    echo \"error: The sandbox is not in sync with the Podfile.lock. Run 'pod install' or update your CocoaPods installation.\" >&2\n    exit 1\nfi\n# This output is used by Xcode 'outputs' to avoid re-running this script phase.\necho \"SUCCESS\" > \"${SCRIPT_OUTPUT_FILE_0}\"\n";
			showEnvVarsInLog = 0;
		};
/* End PBXShellScriptBuildPhase section */

/* Begin PBXSourcesBuildPhase section */
		4204A3CB2D97345F004EE7B6 /* Sources */ = {
			isa = PBXSourcesBuildPhase;
			buildActionMask = 2147483647;
			files = (
			);
			runOnlyForDeploymentPostprocessing = 0;
		};
		4204A3DB2D973461004EE7B6 /* Sources */ = {
			isa = PBXSourcesBuildPhase;
			buildActionMask = 2147483647;
			files = (
			);
			runOnlyForDeploymentPostprocessing = 0;
		};
		4204A3E52D973461004EE7B6 /* Sources */ = {
			isa = PBXSourcesBuildPhase;
			buildActionMask = 2147483647;
			files = (
			);
			runOnlyForDeploymentPostprocessing = 0;
		};
/* End PBXSourcesBuildPhase section */

/* Begin PBXTargetDependency section */
		4204A3E12D973461004EE7B6 /* PBXTargetDependency */ = {
			isa = PBXTargetDependency;
			target = 4204A3CE2D97345F004EE7B6 /* Tekton */;
			targetProxy = 4204A3E02D973461004EE7B6 /* PBXContainerItemProxy */;
		};
		4204A3EB2D973461004EE7B6 /* PBXTargetDependency */ = {
			isa = PBXTargetDependency;
			target = 4204A3CE2D97345F004EE7B6 /* Tekton */;
			targetProxy = 4204A3EA2D973461004EE7B6 /* PBXContainerItemProxy */;
		};
/* End PBXTargetDependency section */

/* Begin XCBuildConfiguration section */
		4204A3F12D973461004EE7B6 /* Debug */ = {
			isa = XCBuildConfiguration;
			buildSettings = {
				ALWAYS_SEARCH_USER_PATHS = NO;
				ASSETCATALOG_COMPILER_GENERATE_SWIFT_ASSET_SYMBOL_EXTENSIONS = YES;
				CLANG_ANALYZER_NONNULL = YES;
				CLANG_ANALYZER_NUMBER_OBJECT_CONVERSION = YES_AGGRESSIVE;
				CLANG_CXX_LANGUAGE_STANDARD = "gnu++20";
				CLANG_ENABLE_MODULES = YES;
				CLANG_ENABLE_OBJC_ARC = YES;
				CLANG_ENABLE_OBJC_WEAK = YES;
				CLANG_WARN_BLOCK_CAPTURE_AUTORELEASING = YES;
				CLANG_WARN_BOOL_CONVERSION = YES;
				CLANG_WARN_COMMA = YES;
				CLANG_WARN_CONSTANT_CONVERSION = YES;
				CLANG_WARN_DEPRECATED_OBJC_IMPLEMENTATIONS = YES;
				CLANG_WARN_DIRECT_OBJC_ISA_USAGE = YES_ERROR;
				CLANG_WARN_DOCUMENTATION_COMMENTS = YES;
				CLANG_WARN_EMPTY_BODY = YES;
				CLANG_WARN_ENUM_CONVERSION = YES;
				CLANG_WARN_INFINITE_RECURSION = YES;
				CLANG_WARN_INT_CONVERSION = YES;
				CLANG_WARN_NON_LITERAL_NULL_CONVERSION = YES;
				CLANG_WARN_OBJC_IMPLICIT_RETAIN_SELF = YES;
				CLANG_WARN_OBJC_LITERAL_CONVERSION = YES;
				CLANG_WARN_OBJC_ROOT_CLASS = YES_ERROR;
				CLANG_WARN_QUOTED_INCLUDE_IN_FRAMEWORK_HEADER = YES;
				CLANG_WARN_RANGE_LOOP_ANALYSIS = YES;
				CLANG_WARN_STRICT_PROTOTYPES = YES;
				CLANG_WARN_SUSPICIOUS_MOVE = YES;
				CLANG_WARN_UNGUARDED_AVAILABILITY = YES_AGGRESSIVE;
				CLANG_WARN_UNREACHABLE_CODE = YES;
				CLANG_WARN__DUPLICATE_METHOD_MATCH = YES;
				COPY_PHASE_STRIP = NO;
				DEBUG_INFORMATION_FORMAT = dwarf;
				ENABLE_STRICT_OBJC_MSGSEND = YES;
				ENABLE_TESTABILITY = YES;
				ENABLE_USER_SCRIPT_SANDBOXING = NO;
				GCC_C_LANGUAGE_STANDARD = gnu17;
				GCC_DYNAMIC_NO_PIC = NO;
				GCC_NO_COMMON_BLOCKS = YES;
				GCC_OPTIMIZATION_LEVEL = 0;
				GCC_PREPROCESSOR_DEFINITIONS = (
					"DEBUG=1",
					"$(inherited)",
				);
				GCC_WARN_64_TO_32_BIT_CONVERSION = YES;
				GCC_WARN_ABOUT_RETURN_TYPE = YES_ERROR;
				GCC_WARN_UNDECLARED_SELECTOR = YES;
				GCC_WARN_UNINITIALIZED_AUTOS = YES_AGGRESSIVE;
				GCC_WARN_UNUSED_FUNCTION = YES;
				GCC_WARN_UNUSED_VARIABLE = YES;
				IPHONEOS_DEPLOYMENT_TARGET = 18.0;
				LOCALIZATION_PREFERS_STRING_CATALOGS = YES;
				MTL_ENABLE_DEBUG_INFO = INCLUDE_SOURCE;
				MTL_FAST_MATH = YES;
				ONLY_ACTIVE_ARCH = YES;
				SDKROOT = iphoneos;
				SWIFT_ACTIVE_COMPILATION_CONDITIONS = "DEBUG $(inherited)";
				SWIFT_OPTIMIZATION_LEVEL = "-Onone";
			};
			name = Debug;
		};
		4204A3F22D973461004EE7B6 /* Release */ = {
			isa = XCBuildConfiguration;
			buildSettings = {
				ALWAYS_SEARCH_USER_PATHS = NO;
				ASSETCATALOG_COMPILER_GENERATE_SWIFT_ASSET_SYMBOL_EXTENSIONS = YES;
				CLANG_ANALYZER_NONNULL = YES;
				CLANG_ANALYZER_NUMBER_OBJECT_CONVERSION = YES_AGGRESSIVE;
				CLANG_CXX_LANGUAGE_STANDARD = "gnu++20";
				CLANG_ENABLE_MODULES = YES;
				CLANG_ENABLE_OBJC_ARC = YES;
				CLANG_ENABLE_OBJC_WEAK = YES;
				CLANG_WARN_BLOCK_CAPTURE_AUTORELEASING = YES;
				CLANG_WARN_BOOL_CONVERSION = YES;
				CLANG_WARN_COMMA = YES;
				CLANG_WARN_CONSTANT_CONVERSION = YES;
				CLANG_WARN_DEPRECATED_OBJC_IMPLEMENTATIONS = YES;
				CLANG_WARN_DIRECT_OBJC_ISA_USAGE = YES_ERROR;
				CLANG_WARN_DOCUMENTATION_COMMENTS = YES;
				CLANG_WARN_EMPTY_BODY = YES;
				CLANG_WARN_ENUM_CONVERSION = YES;
				CLANG_WARN_INFINITE_RECURSION = YES;
				CLANG_WARN_INT_CONVERSION = YES;
				CLANG_WARN_NON_LITERAL_NULL_CONVERSION = YES;
				CLANG_WARN_OBJC_IMPLICIT_RETAIN_SELF = YES;
				CLANG_WARN_OBJC_LITERAL_CONVERSION = YES;
				CLANG_WARN_OBJC_ROOT_CLASS = YES_ERROR;
				CLANG_WARN_QUOTED_INCLUDE_IN_FRAMEWORK_HEADER = YES;
				CLANG_WARN_RANGE_LOOP_ANALYSIS = YES;
				CLANG_WARN_STRICT_PROTOTYPES = YES;
				CLANG_WARN_SUSPICIOUS_MOVE = YES;
				CLANG_WARN_UNGUARDED_AVAILABILITY = YES_AGGRESSIVE;
				CLANG_WARN_UNREACHABLE_CODE = YES;
				CLANG_WARN__DUPLICATE_METHOD_MATCH = YES;
				COPY_PHASE_STRIP = NO;
				DEBUG_INFORMATION_FORMAT = "dwarf-with-dsym";
				ENABLE_NS_ASSERTIONS = NO;
				ENABLE_STRICT_OBJC_MSGSEND = YES;
				ENABLE_USER_SCRIPT_SANDBOXING = NO;
				GCC_C_LANGUAGE_STANDARD = gnu17;
				GCC_NO_COMMON_BLOCKS = YES;
				GCC_WARN_64_TO_32_BIT_CONVERSION = YES;
				GCC_WARN_ABOUT_RETURN_TYPE = YES_ERROR;
				GCC_WARN_UNDECLARED_SELECTOR = YES;
				GCC_WARN_UNINITIALIZED_AUTOS = YES_AGGRESSIVE;
				GCC_WARN_UNUSED_FUNCTION = YES;
				GCC_WARN_UNUSED_VARIABLE = YES;
				IPHONEOS_DEPLOYMENT_TARGET = 18.0;
				LOCALIZATION_PREFERS_STRING_CATALOGS = YES;
				MTL_ENABLE_DEBUG_INFO = NO;
				MTL_FAST_MATH = YES;
				SDKROOT = iphoneos;
				SWIFT_COMPILATION_MODE = wholemodule;
				VALIDATE_PRODUCT = YES;
			};
			name = Release;
		};
		4204A3F42D973461004EE7B6 /* Debug */ = {
			isa = XCBuildConfiguration;
			baseConfigurationReference = 9E99C4110E9B6D6C8DEE99D8 /* Pods-Tekton.debug.xcconfig */;
			buildSettings = {
				ASSETCATALOG_COMPILER_APPICON_NAME = AppIcon;
				ASSETCATALOG_COMPILER_GLOBAL_ACCENT_COLOR_NAME = AccentColor;
				CODE_SIGN_STYLE = Automatic;
				CURRENT_PROJECT_VERSION = 1;
				DEVELOPMENT_ASSET_PATHS = "\"Tekton/Preview Content\"";
				DEVELOPMENT_TEAM = P4WC5T5FA4;
				ENABLE_PREVIEWS = YES;
				GENERATE_INFOPLIST_FILE = YES;
				INFOPLIST_KEY_UIApplicationSceneManifest_Generation = YES;
				INFOPLIST_KEY_UIApplicationSupportsIndirectInputEvents = YES;
				INFOPLIST_KEY_UILaunchScreen_Generation = YES;
				INFOPLIST_KEY_UISupportedInterfaceOrientations_iPad = "UIInterfaceOrientationPortrait UIInterfaceOrientationPortraitUpsideDown UIInterfaceOrientationLandscapeLeft UIInterfaceOrientationLandscapeRight";
				INFOPLIST_KEY_UISupportedInterfaceOrientations_iPhone = "UIInterfaceOrientationPortrait UIInterfaceOrientationLandscapeLeft UIInterfaceOrientationLandscapeRight";
				LD_RUNPATH_SEARCH_PATHS = (
					"$(inherited)",
					"@executable_path/Frameworks",
				);
				MARKETING_VERSION = 1.0;
				PRODUCT_BUNDLE_IDENTIFIER = com.main.Tekton;
				PRODUCT_NAME = "$(TARGET_NAME)";
				SWIFT_EMIT_LOC_STRINGS = YES;
				SWIFT_VERSION = 5.0;
				TARGETED_DEVICE_FAMILY = "1,2";
			};
			name = Debug;
		};
		4204A3F52D973461004EE7B6 /* Release */ = {
			isa = XCBuildConfiguration;
			baseConfigurationReference = 7A12D75249C000149C72D407 /* Pods-Tekton.release.xcconfig */;
			buildSettings = {
				ASSETCATALOG_COMPILER_APPICON_NAME = AppIcon;
				ASSETCATALOG_COMPILER_GLOBAL_ACCENT_COLOR_NAME = AccentColor;
				CODE_SIGN_STYLE = Automatic;
				CURRENT_PROJECT_VERSION = 1;
				DEVELOPMENT_ASSET_PATHS = "\"Tekton/Preview Content\"";
				DEVELOPMENT_TEAM = P4WC5T5FA4;
				ENABLE_PREVIEWS = YES;
				GENERATE_INFOPLIST_FILE = YES;
				INFOPLIST_KEY_UIApplicationSceneManifest_Generation = YES;
				INFOPLIST_KEY_UIApplicationSupportsIndirectInputEvents = YES;
				INFOPLIST_KEY_UILaunchScreen_Generation = YES;
				INFOPLIST_KEY_UISupportedInterfaceOrientations_iPad = "UIInterfaceOrientationPortrait UIInterfaceOrientationPortraitUpsideDown UIInterfaceOrientationLandscapeLeft UIInterfaceOrientationLandscapeRight";
				INFOPLIST_KEY_UISupportedInterfaceOrientations_iPhone = "UIInterfaceOrientationPortrait UIInterfaceOrientationLandscapeLeft UIInterfaceOrientationLandscapeRight";
				LD_RUNPATH_SEARCH_PATHS = (
					"$(inherited)",
					"@executable_path/Frameworks",
				);
				MARKETING_VERSION = 1.0;
				PRODUCT_BUNDLE_IDENTIFIER = com.main.Tekton;
				PRODUCT_NAME = "$(TARGET_NAME)";
				SWIFT_EMIT_LOC_STRINGS = YES;
				SWIFT_VERSION = 5.0;
				TARGETED_DEVICE_FAMILY = "1,2";
			};
			name = Release;
		};
		4204A3F72D973461004EE7B6 /* Debug */ = {
			isa = XCBuildConfiguration;
			baseConfigurationReference = 9B832996572F7469997808E4 /* Pods-TektonTests.debug.xcconfig */;
			buildSettings = {
				BUNDLE_LOADER = "$(TEST_HOST)";
				CODE_SIGN_STYLE = Automatic;
				CURRENT_PROJECT_VERSION = 1;
				GENERATE_INFOPLIST_FILE = YES;
				IPHONEOS_DEPLOYMENT_TARGET = 18.0;
				MARKETING_VERSION = 1.0;
				PRODUCT_BUNDLE_IDENTIFIER = com.main.TektonTests;
				PRODUCT_NAME = "$(TARGET_NAME)";
				SWIFT_EMIT_LOC_STRINGS = NO;
				SWIFT_VERSION = 5.0;
				TARGETED_DEVICE_FAMILY = "1,2";
				TEST_HOST = "$(BUILT_PRODUCTS_DIR)/Tekton.app/$(BUNDLE_EXECUTABLE_FOLDER_PATH)/Tekton";
			};
			name = Debug;
		};
		4204A3F82D973461004EE7B6 /* Release */ = {
			isa = XCBuildConfiguration;
			baseConfigurationReference = F361B41ED5E7ACE9E3DEE58C /* Pods-TektonTests.release.xcconfig */;
			buildSettings = {
				BUNDLE_LOADER = "$(TEST_HOST)";
				CODE_SIGN_STYLE = Automatic;
				CURRENT_PROJECT_VERSION = 1;
				GENERATE_INFOPLIST_FILE = YES;
				IPHONEOS_DEPLOYMENT_TARGET = 18.0;
				MARKETING_VERSION = 1.0;
				PRODUCT_BUNDLE_IDENTIFIER = com.main.TektonTests;
				PRODUCT_NAME = "$(TARGET_NAME)";
				SWIFT_EMIT_LOC_STRINGS = NO;
				SWIFT_VERSION = 5.0;
				TARGETED_DEVICE_FAMILY = "1,2";
				TEST_HOST = "$(BUILT_PRODUCTS_DIR)/Tekton.app/$(BUNDLE_EXECUTABLE_FOLDER_PATH)/Tekton";
			};
			name = Release;
		};
		4204A3FA2D973461004EE7B6 /* Debug */ = {
			isa = XCBuildConfiguration;
			baseConfigurationReference = 070A0C546DD2CDF953300390 /* Pods-Tekton-TektonUITests.debug.xcconfig */;
			buildSettings = {
				CODE_SIGN_STYLE = Automatic;
				CURRENT_PROJECT_VERSION = 1;
				GENERATE_INFOPLIST_FILE = YES;
				MARKETING_VERSION = 1.0;
				PRODUCT_BUNDLE_IDENTIFIER = com.main.TektonUITests;
				PRODUCT_NAME = "$(TARGET_NAME)";
				SWIFT_EMIT_LOC_STRINGS = NO;
				SWIFT_VERSION = 5.0;
				TARGETED_DEVICE_FAMILY = "1,2";
				TEST_TARGET_NAME = Tekton;
			};
			name = Debug;
		};
		4204A3FB2D973461004EE7B6 /* Release */ = {
			isa = XCBuildConfiguration;
			baseConfigurationReference = B70A58D9C46B2D7B384EB00C /* Pods-Tekton-TektonUITests.release.xcconfig */;
			buildSettings = {
				CODE_SIGN_STYLE = Automatic;
				CURRENT_PROJECT_VERSION = 1;
				GENERATE_INFOPLIST_FILE = YES;
				MARKETING_VERSION = 1.0;
				PRODUCT_BUNDLE_IDENTIFIER = com.main.TektonUITests;
				PRODUCT_NAME = "$(TARGET_NAME)";
				SWIFT_EMIT_LOC_STRINGS = NO;
				SWIFT_VERSION = 5.0;
				TARGETED_DEVICE_FAMILY = "1,2";
				TEST_TARGET_NAME = Tekton;
			};
			name = Release;
		};
/* End XCBuildConfiguration section */

/* Begin XCConfigurationList section */
		4204A3CA2D97345F004EE7B6 /* Build configuration list for PBXProject "Tekton" */ = {
			isa = XCConfigurationList;
			buildConfigurations = (
				4204A3F12D973461004EE7B6 /* Debug */,
				4204A3F22D973461004EE7B6 /* Release */,
			);
			defaultConfigurationIsVisible = 0;
			defaultConfigurationName = Release;
		};
		4204A3F32D973461004EE7B6 /* Build configuration list for PBXNativeTarget "Tekton" */ = {
			isa = XCConfigurationList;
			buildConfigurations = (
				4204A3F42D973461004EE7B6 /* Debug */,
				4204A3F52D973461004EE7B6 /* Release */,
			);
			defaultConfigurationIsVisible = 0;
			defaultConfigurationName = Release;
		};
		4204A3F62D973461004EE7B6 /* Build configuration list for PBXNativeTarget "TektonTests" */ = {
			isa = XCConfigurationList;
			buildConfigurations = (
				4204A3F72D973461004EE7B6 /* Debug */,
				4204A3F82D973461004EE7B6 /* Release */,
			);
			defaultConfigurationIsVisible = 0;
			defaultConfigurationName = Release;
		};
		4204A3F92D973461004EE7B6 /* Build configuration list for PBXNativeTarget "TektonUITests" */ = {
			isa = XCConfigurationList;
			buildConfigurations = (
				4204A3FA2D973461004EE7B6 /* Debug */,
				4204A3FB2D973461004EE7B6 /* Release */,
			);
			defaultConfigurationIsVisible = 0;
			defaultConfigurationName = Release;
		};
/* End XCConfigurationList section */
	};
	rootObject = 4204A3C72D97345F004EE7B6 /* Project object */;
}
